<?xml version="1.0" encoding="utf-8"?>
<Project ToolsVersion="4.0" xmlns="http://schemas.microsoft.com/developer/msbuild/2003">
  <ItemGroup>
    <Filter Include="Source Files">
      <UniqueIdentifier>{4FC737F1-C7A5-4376-A066-2A32D752A2FF}</UniqueIdentifier>
      <Extensions>cpp;c;cc;cxx;def;odl;idl;hpj;bat;asm;asmx</Extensions>
    </Filter>
    <Filter Include="Header Files">
      <UniqueIdentifier>{93995380-89BD-4b04-88EB-625FBE52EBFB}</UniqueIdentifier>
      <Extensions>h;hh;hpp;hxx;hm;inl;inc;ipp;xsd</Extensions>
    </Filter>
    <Filter Include="Resource Files">
      <UniqueIdentifier>{67DA6AB6-F800-4c08-8B7A-83BB121AAD01}</UniqueIdentifier>
      <Extensions>rc;ico;cur;bmp;dlg;rc2;rct;bin;rgs;gif;jpg;jpeg;jpe;resx;tiff;tif;png;wav;mfcribbon-ms</Extensions>
    </Filter>
    <Filter Include="src">
      <UniqueIdentifier>{c27404f5-3ec5-44f1-a769-b2cd1233da8c}</UniqueIdentifier>
    </Filter>
    <Filter Include="im3d">
      <UniqueIdentifier>{f2d9f97d-f89a-4ec3-ae61-9f62a5679d9f}</UniqueIdentifier>
    </Filter>
    <Filter Include="imgui">
      <UniqueIdentifier>{8442ce31-401d-48d7-9244-f0e82c6d73fb}</UniqueIdentifier>
    </Filter>
    <Filter Include="physx_wraper">
      <UniqueIdentifier>{36613df2-842b-4f1d-b592-e12de237e81e}</UniqueIdentifier>
    </Filter>
  </ItemGroup>
  <ItemGroup>
    <ClCompile Include="PhysxTests.cpp">
      <Filter>Source Files</Filter>
    </ClCompile>
    <ClCompile Include="ThirdParty\im3d\im3d.cpp">
      <Filter>im3d</Filter>
    </ClCompile>
    <ClCompile Include="ThirdParty\imgui\imgui.cpp">
      <Filter>imgui</Filter>
    </ClCompile>
    <ClCompile Include="ThirdParty\imgui\imgui_demo.cpp">
      <Filter>imgui</Filter>
    </ClCompile>
    <ClCompile Include="ThirdParty\imgui\imgui_draw.cpp">
      <Filter>imgui</Filter>
    </ClCompile>
    <ClCompile Include="ThirdParty\imgui\imgui_widgets.cpp">
      <Filter>imgui</Filter>
    </ClCompile>
    <ClCompile Include="ThirdParty\im3d\app\im3d_example.cpp">
      <Filter>src</Filter>
    </ClCompile>
    <ClCompile Include="ThirdParty\im3d\app\main.cpp">
      <Filter>src</Filter>
    </ClCompile>
    <ClCompile Include="ThirdParty\im3d\dx11\im3d_directx11.cpp">
      <Filter>src</Filter>
    </ClCompile>
    <ClCompile Include="physx_wrap\detail\physx_wrap.cpp">
      <Filter>physx_wraper</Filter>
    </ClCompile>
    <ClCompile Include="physx_wrap\detail\physx_pvd.cpp">
      <Filter>physx_wraper</Filter>
    </ClCompile>
    <ClCompile Include="physx_wrap\detail\physx_sdk.cpp">
      <Filter>physx_wraper</Filter>
    </ClCompile>
    <ClCompile Include="physx_wrap\detail\physx_wrap_impl.cpp">
      <Filter>physx_wraper</Filter>
    </ClCompile>
    <ClCompile Include="physx_wrap\detail\scene_info_mgr.cpp">
      <Filter>physx_wraper</Filter>
    </ClCompile>
    <ClCompile Include="physx_wrap\detail\util.cpp">
      <Filter>physx_wraper</Filter>
    </ClCompile>
    <ClCompile Include="test\test1.cpp">
      <Filter>src</Filter>
    </ClCompile>
    <ClCompile Include="test\test2.cpp">
      <Filter>src</Filter>
    </ClCompile>
    <ClCompile Include="test\test3.cpp">
      <Filter>src</Filter>
    </ClCompile>
  </ItemGroup>
  <ItemGroup>
    <ClInclude Include="ThirdParty\im3d\app\im3d_example.h">
      <Filter>src</Filter>
    </ClInclude>
    <ClInclude Include="ThirdParty\im3d\app\teapot.h">
      <Filter>src</Filter>
    </ClInclude>
    <ClInclude Include="physx_wrap\detail\log.h">
      <Filter>physx_wraper</Filter>
    </ClInclude>
    <ClInclude Include="physx_wrap\detail\physx_pvd.h">
      <Filter>physx_wraper</Filter>
    </ClInclude>
    <ClInclude Include="physx_wrap\detail\physx_sdk.h">
      <Filter>physx_wraper</Filter>
    </ClInclude>
    <ClInclude Include="physx_wrap\detail\physx_wrap_impl.h">
      <Filter>physx_wraper</Filter>
    </ClInclude>
    <ClInclude Include="physx_wrap\detail\scene_info_mgr.h">
      <Filter>physx_wraper</Filter>
    </ClInclude>
    <ClInclude Include="physx_wrap\detail\util.h">
      <Filter>physx_wraper</Filter>
    </ClInclude>
  </ItemGroup>
</Project>