
Microsoft Visual Studio Solution File, Format Version 12.00
# Visual Studio 15
VisualStudioVersion = 15.0.28307.1062
MinimumVisualStudioVersion = 10.0.40219.1
Project("{8BC9CEB8-8B4A-11D0-8D11-00A0C91BC942}") = "PhysxTests", "PhysxTests.vcxproj", "{5C62A6B5-DFF7-4452-ACC4-23F1D9F1BEB0}"
	ProjectSection(ProjectDependencies) = postProject
		{C6474901-29F9-EF65-44E2-951696161E76} = {C6474901-29F9-EF65-44E2-951696161E76}
		{D4255C0E-3C6E-8A94-959C-54BAC884B25C} = {D4255C0E-3C6E-8A94-959C-54BAC884B25C}
		{042DAF3E-FF50-B73C-C9A4-53AC6D3CFCEC} = {042DAF3E-FF50-B73C-C9A4-53AC6D3CFCEC}
		{24546E40-3140-20F4-C5AC-E4001B9880B8} = {24546E40-3140-20F4-C5AC-E4001B9880B8}
		{627F8A5F-9D82-F9B8-AA0E-05A2FA6C025E} = {627F8A5F-9D82-F9B8-AA0E-05A2FA6C025E}
		{FC0C1E74-2BE0-A8BC-4F0C-82D0F2EAB9A4} = {FC0C1E74-2BE0-A8BC-4F0C-82D0F2EAB9A4}
		{3059DE83-BFC9-5922-86A0-A9D1091E5EE0} = {3059DE83-BFC9-5922-86A0-A9D1091E5EE0}
		{1E04F7A2-C8F8-3D62-46FE-8762D28CA9A4} = {1E04F7A2-C8F8-3D62-46FE-8762D28CA9A4}
		{2A1F82AF-85E5-26A0-BFE0-1F8D0006DA7A} = {2A1F82AF-85E5-26A0-BFE0-1F8D0006DA7A}
		{DF4537B3-3CE9-1581-10B6-A291FE3299C6} = {DF4537B3-3CE9-1581-10B6-A291FE3299C6}
		{49C560C2-F59E-0A40-E1D5-E0F25960F1AB} = {49C560C2-F59E-0A40-E1D5-E0F25960F1AB}
		{653CC2CD-99F5-48D8-0E9C-46FA10B26447} = {653CC2CD-99F5-48D8-0E9C-46FA10B26447}
		{2C6C10D1-F63D-B7F0-8390-AFC3DC10EC90} = {2C6C10D1-F63D-B7F0-8390-AFC3DC10EC90}
		{D18EB5F3-84D9-FD36-27C0-555ADB086FD3} = {D18EB5F3-84D9-FD36-27C0-555ADB086FD3}
		{5B1132F6-84F8-142E-B951-ADB8505CC27F} = {5B1132F6-84F8-142E-B951-ADB8505CC27F}
	EndProjectSection
EndProject
Project("{2150E333-8FDC-42A3-9474-1A3956D46DE8}") = "PhysX", "PhysX", "{8DA37B07-8AFD-4EB1-BFE0-54EA0D7BB380}"
EndProject
Project("{8BC9CEB8-8B4A-11D0-8D11-00A0C91BC942}") = "PhysX", "ThirdParty\PhysX_3.4\PhysX\Source\compiler\vc15win64\PhysX.vcxproj", "{FC0C1E74-2BE0-A8BC-4F0C-82D0F2EAB9A4}"
	ProjectSection(ProjectDependencies) = postProject
		{C6474901-29F9-EF65-44E2-951696161E76} = {C6474901-29F9-EF65-44E2-951696161E76}
		{D4255C0E-3C6E-8A94-959C-54BAC884B25C} = {D4255C0E-3C6E-8A94-959C-54BAC884B25C}
		{042DAF3E-FF50-B73C-C9A4-53AC6D3CFCEC} = {042DAF3E-FF50-B73C-C9A4-53AC6D3CFCEC}
		{24546E40-3140-20F4-C5AC-E4001B9880B8} = {24546E40-3140-20F4-C5AC-E4001B9880B8}
		{627F8A5F-9D82-F9B8-AA0E-05A2FA6C025E} = {627F8A5F-9D82-F9B8-AA0E-05A2FA6C025E}
		{3059DE83-BFC9-5922-86A0-A9D1091E5EE0} = {3059DE83-BFC9-5922-86A0-A9D1091E5EE0}
		{1E04F7A2-C8F8-3D62-46FE-8762D28CA9A4} = {1E04F7A2-C8F8-3D62-46FE-8762D28CA9A4}
		{2A1F82AF-85E5-26A0-BFE0-1F8D0006DA7A} = {2A1F82AF-85E5-26A0-BFE0-1F8D0006DA7A}
		{DF4537B3-3CE9-1581-10B6-A291FE3299C6} = {DF4537B3-3CE9-1581-10B6-A291FE3299C6}
		{49C560C2-F59E-0A40-E1D5-E0F25960F1AB} = {49C560C2-F59E-0A40-E1D5-E0F25960F1AB}
		{653CC2CD-99F5-48D8-0E9C-46FA10B26447} = {653CC2CD-99F5-48D8-0E9C-46FA10B26447}
		{2C6C10D1-F63D-B7F0-8390-AFC3DC10EC90} = {2C6C10D1-F63D-B7F0-8390-AFC3DC10EC90}
		{D18EB5F3-84D9-FD36-27C0-555ADB086FD3} = {D18EB5F3-84D9-FD36-27C0-555ADB086FD3}
		{5B1132F6-84F8-142E-B951-ADB8505CC27F} = {5B1132F6-84F8-142E-B951-ADB8505CC27F}
	EndProjectSection
EndProject
Project("{8BC9CEB8-8B4A-11D0-8D11-00A0C91BC942}") = "LowLevel", "ThirdParty\PhysX_3.4\PhysX\Source\compiler\vc15win64\LowLevel.vcxproj", "{2A1F82AF-85E5-26A0-BFE0-1F8D0006DA7A}"
EndProject
Project("{8BC9CEB8-8B4A-11D0-8D11-00A0C91BC942}") = "LowLevelAABB", "ThirdParty\PhysX_3.4\PhysX\Source\compiler\vc15win64\LowLevelAABB.vcxproj", "{3059DE83-BFC9-5922-86A0-A9D1091E5EE0}"
EndProject
Project("{8BC9CEB8-8B4A-11D0-8D11-00A0C91BC942}") = "PhysXCommon", "ThirdParty\PhysX_3.4\PhysX\Source\compiler\vc15win64\PhysXCommon.vcxproj", "{653CC2CD-99F5-48D8-0E9C-46FA10B26447}"
	ProjectSection(ProjectDependencies) = postProject
		{24546E40-3140-20F4-C5AC-E4001B9880B8} = {24546E40-3140-20F4-C5AC-E4001B9880B8}
		{627F8A5F-9D82-F9B8-AA0E-05A2FA6C025E} = {627F8A5F-9D82-F9B8-AA0E-05A2FA6C025E}
		{3059DE83-BFC9-5922-86A0-A9D1091E5EE0} = {3059DE83-BFC9-5922-86A0-A9D1091E5EE0}
		{2A1F82AF-85E5-26A0-BFE0-1F8D0006DA7A} = {2A1F82AF-85E5-26A0-BFE0-1F8D0006DA7A}
		{DF4537B3-3CE9-1581-10B6-A291FE3299C6} = {DF4537B3-3CE9-1581-10B6-A291FE3299C6}
		{D18EB5F3-84D9-FD36-27C0-555ADB086FD3} = {D18EB5F3-84D9-FD36-27C0-555ADB086FD3}
		{5B1132F6-84F8-142E-B951-ADB8505CC27F} = {5B1132F6-84F8-142E-B951-ADB8505CC27F}
	EndProjectSection
EndProject
Project("{8BC9CEB8-8B4A-11D0-8D11-00A0C91BC942}") = "LowLevelDynamics", "ThirdParty\PhysX_3.4\PhysX\Source\compiler\vc15win64\LowLevelDynamics.vcxproj", "{627F8A5F-9D82-F9B8-AA0E-05A2FA6C025E}"
EndProject
Project("{8BC9CEB8-8B4A-11D0-8D11-00A0C91BC942}") = "PhysXCooking", "ThirdParty\PhysX_3.4\PhysX\Source\compiler\vc15win64\PhysXCooking.vcxproj", "{C6474901-29F9-EF65-44E2-951696161E76}"
	ProjectSection(ProjectDependencies) = postProject
		{24546E40-3140-20F4-C5AC-E4001B9880B8} = {24546E40-3140-20F4-C5AC-E4001B9880B8}
		{627F8A5F-9D82-F9B8-AA0E-05A2FA6C025E} = {627F8A5F-9D82-F9B8-AA0E-05A2FA6C025E}
		{3059DE83-BFC9-5922-86A0-A9D1091E5EE0} = {3059DE83-BFC9-5922-86A0-A9D1091E5EE0}
		{2A1F82AF-85E5-26A0-BFE0-1F8D0006DA7A} = {2A1F82AF-85E5-26A0-BFE0-1F8D0006DA7A}
		{DF4537B3-3CE9-1581-10B6-A291FE3299C6} = {DF4537B3-3CE9-1581-10B6-A291FE3299C6}
		{653CC2CD-99F5-48D8-0E9C-46FA10B26447} = {653CC2CD-99F5-48D8-0E9C-46FA10B26447}
		{D18EB5F3-84D9-FD36-27C0-555ADB086FD3} = {D18EB5F3-84D9-FD36-27C0-555ADB086FD3}
		{5B1132F6-84F8-142E-B951-ADB8505CC27F} = {5B1132F6-84F8-142E-B951-ADB8505CC27F}
	EndProjectSection
EndProject
Project("{8BC9CEB8-8B4A-11D0-8D11-00A0C91BC942}") = "PxFoundation", "ThirdParty\PhysX_3.4\PxShared\src\compiler\vc15win64\PxFoundation.vcxproj", "{DF4537B3-3CE9-1581-10B6-A291FE3299C6}"
EndProject
Project("{8BC9CEB8-8B4A-11D0-8D11-00A0C91BC942}") = "PxTask", "ThirdParty\PhysX_3.4\PxShared\src\compiler\vc15win64\PxTask.vcxproj", "{5B1132F6-84F8-142E-B951-ADB8505CC27F}"
EndProject
Project("{8BC9CEB8-8B4A-11D0-8D11-00A0C91BC942}") = "LowLevelCloth", "ThirdParty\PhysX_3.4\PhysX\Source\compiler\vc15win64\LowLevelCloth.vcxproj", "{24546E40-3140-20F4-C5AC-E4001B9880B8}"
EndProject
Project("{8BC9CEB8-8B4A-11D0-8D11-00A0C91BC942}") = "LowLevelParticles", "ThirdParty\PhysX_3.4\PhysX\Source\compiler\vc15win64\LowLevelParticles.vcxproj", "{D18EB5F3-84D9-FD36-27C0-555ADB086FD3}"
EndProject
Project("{8BC9CEB8-8B4A-11D0-8D11-00A0C91BC942}") = "PhysXCharacterKinematic", "ThirdParty\PhysX_3.4\PhysX\Source\compiler\vc15win64\PhysXCharacterKinematic.vcxproj", "{1E04F7A2-C8F8-3D62-46FE-8762D28CA9A4}"
EndProject
Project("{8BC9CEB8-8B4A-11D0-8D11-00A0C91BC942}") = "SceneQuery", "ThirdParty\PhysX_3.4\PhysX\Source\compiler\vc15win64\SceneQuery.vcxproj", "{042DAF3E-FF50-B73C-C9A4-53AC6D3CFCEC}"
EndProject
Project("{8BC9CEB8-8B4A-11D0-8D11-00A0C91BC942}") = "SimulationController", "ThirdParty\PhysX_3.4\PhysX\Source\compiler\vc15win64\SimulationController.vcxproj", "{49C560C2-F59E-0A40-E1D5-E0F25960F1AB}"
EndProject
Project("{8BC9CEB8-8B4A-11D0-8D11-00A0C91BC942}") = "PxPvdSDK", "ThirdParty\PhysX_3.4\PxShared\src\compiler\vc15win64\PxPvdSDK.vcxproj", "{D4255C0E-3C6E-8A94-959C-54BAC884B25C}"
EndProject
Project("{8BC9CEB8-8B4A-11D0-8D11-00A0C91BC942}") = "PhysXExtensions", "ThirdParty\PhysX_3.4\PhysX\Source\compiler\vc15win64\PhysXExtensions.vcxproj", "{2C6C10D1-F63D-B7F0-8390-AFC3DC10EC90}"
EndProject
Global
	GlobalSection(SolutionConfigurationPlatforms) = preSolution
		checked|x64 = checked|x64
		Debug|x64 = Debug|x64
		profile|x64 = profile|x64
		release|x64 = release|x64
	EndGlobalSection
	GlobalSection(ProjectConfigurationPlatforms) = postSolution
		{5C62A6B5-DFF7-4452-ACC4-23F1D9F1BEB0}.checked|x64.ActiveCfg = Release|x64
		{5C62A6B5-DFF7-4452-ACC4-23F1D9F1BEB0}.checked|x64.Build.0 = Release|x64
		{5C62A6B5-DFF7-4452-ACC4-23F1D9F1BEB0}.Debug|x64.ActiveCfg = Debug|x64
		{5C62A6B5-DFF7-4452-ACC4-23F1D9F1BEB0}.Debug|x64.Build.0 = Debug|x64
		{5C62A6B5-DFF7-4452-ACC4-23F1D9F1BEB0}.profile|x64.ActiveCfg = Release|x64
		{5C62A6B5-DFF7-4452-ACC4-23F1D9F1BEB0}.profile|x64.Build.0 = Release|x64
		{5C62A6B5-DFF7-4452-ACC4-23F1D9F1BEB0}.release|x64.ActiveCfg = Release|x64
		{5C62A6B5-DFF7-4452-ACC4-23F1D9F1BEB0}.release|x64.Build.0 = Release|x64
		{FC0C1E74-2BE0-A8BC-4F0C-82D0F2EAB9A4}.checked|x64.ActiveCfg = checked|x64
		{FC0C1E74-2BE0-A8BC-4F0C-82D0F2EAB9A4}.checked|x64.Build.0 = checked|x64
		{FC0C1E74-2BE0-A8BC-4F0C-82D0F2EAB9A4}.Debug|x64.ActiveCfg = debug|x64
		{FC0C1E74-2BE0-A8BC-4F0C-82D0F2EAB9A4}.Debug|x64.Build.0 = debug|x64
		{FC0C1E74-2BE0-A8BC-4F0C-82D0F2EAB9A4}.profile|x64.ActiveCfg = profile|x64
		{FC0C1E74-2BE0-A8BC-4F0C-82D0F2EAB9A4}.profile|x64.Build.0 = profile|x64
		{FC0C1E74-2BE0-A8BC-4F0C-82D0F2EAB9A4}.release|x64.ActiveCfg = release|x64
		{FC0C1E74-2BE0-A8BC-4F0C-82D0F2EAB9A4}.release|x64.Build.0 = release|x64
		{2A1F82AF-85E5-26A0-BFE0-1F8D0006DA7A}.checked|x64.ActiveCfg = checked|x64
		{2A1F82AF-85E5-26A0-BFE0-1F8D0006DA7A}.checked|x64.Build.0 = checked|x64
		{2A1F82AF-85E5-26A0-BFE0-1F8D0006DA7A}.Debug|x64.ActiveCfg = debug|x64
		{2A1F82AF-85E5-26A0-BFE0-1F8D0006DA7A}.Debug|x64.Build.0 = debug|x64
		{2A1F82AF-85E5-26A0-BFE0-1F8D0006DA7A}.profile|x64.ActiveCfg = profile|x64
		{2A1F82AF-85E5-26A0-BFE0-1F8D0006DA7A}.profile|x64.Build.0 = profile|x64
		{2A1F82AF-85E5-26A0-BFE0-1F8D0006DA7A}.release|x64.ActiveCfg = release|x64
		{2A1F82AF-85E5-26A0-BFE0-1F8D0006DA7A}.release|x64.Build.0 = release|x64
		{3059DE83-BFC9-5922-86A0-A9D1091E5EE0}.checked|x64.ActiveCfg = checked|x64
		{3059DE83-BFC9-5922-86A0-A9D1091E5EE0}.checked|x64.Build.0 = checked|x64
		{3059DE83-BFC9-5922-86A0-A9D1091E5EE0}.Debug|x64.ActiveCfg = debug|x64
		{3059DE83-BFC9-5922-86A0-A9D1091E5EE0}.Debug|x64.Build.0 = debug|x64
		{3059DE83-BFC9-5922-86A0-A9D1091E5EE0}.profile|x64.ActiveCfg = profile|x64
		{3059DE83-BFC9-5922-86A0-A9D1091E5EE0}.profile|x64.Build.0 = profile|x64
		{3059DE83-BFC9-5922-86A0-A9D1091E5EE0}.release|x64.ActiveCfg = release|x64
		{3059DE83-BFC9-5922-86A0-A9D1091E5EE0}.release|x64.Build.0 = release|x64
		{653CC2CD-99F5-48D8-0E9C-46FA10B26447}.checked|x64.ActiveCfg = checked|x64
		{653CC2CD-99F5-48D8-0E9C-46FA10B26447}.checked|x64.Build.0 = checked|x64
		{653CC2CD-99F5-48D8-0E9C-46FA10B26447}.Debug|x64.ActiveCfg = debug|x64
		{653CC2CD-99F5-48D8-0E9C-46FA10B26447}.Debug|x64.Build.0 = debug|x64
		{653CC2CD-99F5-48D8-0E9C-46FA10B26447}.profile|x64.ActiveCfg = profile|x64
		{653CC2CD-99F5-48D8-0E9C-46FA10B26447}.profile|x64.Build.0 = profile|x64
		{653CC2CD-99F5-48D8-0E9C-46FA10B26447}.release|x64.ActiveCfg = release|x64
		{653CC2CD-99F5-48D8-0E9C-46FA10B26447}.release|x64.Build.0 = release|x64
		{627F8A5F-9D82-F9B8-AA0E-05A2FA6C025E}.checked|x64.ActiveCfg = checked|x64
		{627F8A5F-9D82-F9B8-AA0E-05A2FA6C025E}.checked|x64.Build.0 = checked|x64
		{627F8A5F-9D82-F9B8-AA0E-05A2FA6C025E}.Debug|x64.ActiveCfg = debug|x64
		{627F8A5F-9D82-F9B8-AA0E-05A2FA6C025E}.Debug|x64.Build.0 = debug|x64
		{627F8A5F-9D82-F9B8-AA0E-05A2FA6C025E}.profile|x64.ActiveCfg = profile|x64
		{627F8A5F-9D82-F9B8-AA0E-05A2FA6C025E}.profile|x64.Build.0 = profile|x64
		{627F8A5F-9D82-F9B8-AA0E-05A2FA6C025E}.release|x64.ActiveCfg = release|x64
		{627F8A5F-9D82-F9B8-AA0E-05A2FA6C025E}.release|x64.Build.0 = release|x64
		{C6474901-29F9-EF65-44E2-951696161E76}.checked|x64.ActiveCfg = checked|x64
		{C6474901-29F9-EF65-44E2-951696161E76}.checked|x64.Build.0 = checked|x64
		{C6474901-29F9-EF65-44E2-951696161E76}.Debug|x64.ActiveCfg = debug|x64
		{C6474901-29F9-EF65-44E2-951696161E76}.Debug|x64.Build.0 = debug|x64
		{C6474901-29F9-EF65-44E2-951696161E76}.profile|x64.ActiveCfg = profile|x64
		{C6474901-29F9-EF65-44E2-951696161E76}.profile|x64.Build.0 = profile|x64
		{C6474901-29F9-EF65-44E2-951696161E76}.release|x64.ActiveCfg = release|x64
		{C6474901-29F9-EF65-44E2-951696161E76}.release|x64.Build.0 = release|x64
		{DF4537B3-3CE9-1581-10B6-A291FE3299C6}.checked|x64.ActiveCfg = checked|x64
		{DF4537B3-3CE9-1581-10B6-A291FE3299C6}.checked|x64.Build.0 = checked|x64
		{DF4537B3-3CE9-1581-10B6-A291FE3299C6}.Debug|x64.ActiveCfg = debug|x64
		{DF4537B3-3CE9-1581-10B6-A291FE3299C6}.Debug|x64.Build.0 = debug|x64
		{DF4537B3-3CE9-1581-10B6-A291FE3299C6}.profile|x64.ActiveCfg = profile|x64
		{DF4537B3-3CE9-1581-10B6-A291FE3299C6}.profile|x64.Build.0 = profile|x64
		{DF4537B3-3CE9-1581-10B6-A291FE3299C6}.release|x64.ActiveCfg = release|x64
		{DF4537B3-3CE9-1581-10B6-A291FE3299C6}.release|x64.Build.0 = release|x64
		{5B1132F6-84F8-142E-B951-ADB8505CC27F}.checked|x64.ActiveCfg = checked|x64
		{5B1132F6-84F8-142E-B951-ADB8505CC27F}.checked|x64.Build.0 = checked|x64
		{5B1132F6-84F8-142E-B951-ADB8505CC27F}.Debug|x64.ActiveCfg = debug|x64
		{5B1132F6-84F8-142E-B951-ADB8505CC27F}.Debug|x64.Build.0 = debug|x64
		{5B1132F6-84F8-142E-B951-ADB8505CC27F}.profile|x64.ActiveCfg = profile|x64
		{5B1132F6-84F8-142E-B951-ADB8505CC27F}.profile|x64.Build.0 = profile|x64
		{5B1132F6-84F8-142E-B951-ADB8505CC27F}.release|x64.ActiveCfg = release|x64
		{5B1132F6-84F8-142E-B951-ADB8505CC27F}.release|x64.Build.0 = release|x64
		{24546E40-3140-20F4-C5AC-E4001B9880B8}.checked|x64.ActiveCfg = checked|x64
		{24546E40-3140-20F4-C5AC-E4001B9880B8}.checked|x64.Build.0 = checked|x64
		{24546E40-3140-20F4-C5AC-E4001B9880B8}.Debug|x64.ActiveCfg = debug|x64
		{24546E40-3140-20F4-C5AC-E4001B9880B8}.Debug|x64.Build.0 = debug|x64
		{24546E40-3140-20F4-C5AC-E4001B9880B8}.profile|x64.ActiveCfg = profile|x64
		{24546E40-3140-20F4-C5AC-E4001B9880B8}.profile|x64.Build.0 = profile|x64
		{24546E40-3140-20F4-C5AC-E4001B9880B8}.release|x64.ActiveCfg = release|x64
		{24546E40-3140-20F4-C5AC-E4001B9880B8}.release|x64.Build.0 = release|x64
		{D18EB5F3-84D9-FD36-27C0-555ADB086FD3}.checked|x64.ActiveCfg = checked|x64
		{D18EB5F3-84D9-FD36-27C0-555ADB086FD3}.checked|x64.Build.0 = checked|x64
		{D18EB5F3-84D9-FD36-27C0-555ADB086FD3}.Debug|x64.ActiveCfg = debug|x64
		{D18EB5F3-84D9-FD36-27C0-555ADB086FD3}.Debug|x64.Build.0 = debug|x64
		{D18EB5F3-84D9-FD36-27C0-555ADB086FD3}.profile|x64.ActiveCfg = profile|x64
		{D18EB5F3-84D9-FD36-27C0-555ADB086FD3}.profile|x64.Build.0 = profile|x64
		{D18EB5F3-84D9-FD36-27C0-555ADB086FD3}.release|x64.ActiveCfg = release|x64
		{D18EB5F3-84D9-FD36-27C0-555ADB086FD3}.release|x64.Build.0 = release|x64
		{1E04F7A2-C8F8-3D62-46FE-8762D28CA9A4}.checked|x64.ActiveCfg = checked|x64
		{1E04F7A2-C8F8-3D62-46FE-8762D28CA9A4}.checked|x64.Build.0 = checked|x64
		{1E04F7A2-C8F8-3D62-46FE-8762D28CA9A4}.Debug|x64.ActiveCfg = debug|x64
		{1E04F7A2-C8F8-3D62-46FE-8762D28CA9A4}.Debug|x64.Build.0 = debug|x64
		{1E04F7A2-C8F8-3D62-46FE-8762D28CA9A4}.profile|x64.ActiveCfg = profile|x64
		{1E04F7A2-C8F8-3D62-46FE-8762D28CA9A4}.profile|x64.Build.0 = profile|x64
		{1E04F7A2-C8F8-3D62-46FE-8762D28CA9A4}.release|x64.ActiveCfg = release|x64
		{1E04F7A2-C8F8-3D62-46FE-8762D28CA9A4}.release|x64.Build.0 = release|x64
		{042DAF3E-FF50-B73C-C9A4-53AC6D3CFCEC}.checked|x64.ActiveCfg = checked|x64
		{042DAF3E-FF50-B73C-C9A4-53AC6D3CFCEC}.checked|x64.Build.0 = checked|x64
		{042DAF3E-FF50-B73C-C9A4-53AC6D3CFCEC}.Debug|x64.ActiveCfg = debug|x64
		{042DAF3E-FF50-B73C-C9A4-53AC6D3CFCEC}.Debug|x64.Build.0 = debug|x64
		{042DAF3E-FF50-B73C-C9A4-53AC6D3CFCEC}.profile|x64.ActiveCfg = profile|x64
		{042DAF3E-FF50-B73C-C9A4-53AC6D3CFCEC}.profile|x64.Build.0 = profile|x64
		{042DAF3E-FF50-B73C-C9A4-53AC6D3CFCEC}.release|x64.ActiveCfg = release|x64
		{042DAF3E-FF50-B73C-C9A4-53AC6D3CFCEC}.release|x64.Build.0 = release|x64
		{49C560C2-F59E-0A40-E1D5-E0F25960F1AB}.checked|x64.ActiveCfg = checked|x64
		{49C560C2-F59E-0A40-E1D5-E0F25960F1AB}.checked|x64.Build.0 = checked|x64
		{49C560C2-F59E-0A40-E1D5-E0F25960F1AB}.Debug|x64.ActiveCfg = debug|x64
		{49C560C2-F59E-0A40-E1D5-E0F25960F1AB}.Debug|x64.Build.0 = debug|x64
		{49C560C2-F59E-0A40-E1D5-E0F25960F1AB}.profile|x64.ActiveCfg = profile|x64
		{49C560C2-F59E-0A40-E1D5-E0F25960F1AB}.profile|x64.Build.0 = profile|x64
		{49C560C2-F59E-0A40-E1D5-E0F25960F1AB}.release|x64.ActiveCfg = release|x64
		{49C560C2-F59E-0A40-E1D5-E0F25960F1AB}.release|x64.Build.0 = release|x64
		{D4255C0E-3C6E-8A94-959C-54BAC884B25C}.checked|x64.ActiveCfg = checked|x64
		{D4255C0E-3C6E-8A94-959C-54BAC884B25C}.checked|x64.Build.0 = checked|x64
		{D4255C0E-3C6E-8A94-959C-54BAC884B25C}.Debug|x64.ActiveCfg = debug|x64
		{D4255C0E-3C6E-8A94-959C-54BAC884B25C}.Debug|x64.Build.0 = debug|x64
		{D4255C0E-3C6E-8A94-959C-54BAC884B25C}.profile|x64.ActiveCfg = profile|x64
		{D4255C0E-3C6E-8A94-959C-54BAC884B25C}.profile|x64.Build.0 = profile|x64
		{D4255C0E-3C6E-8A94-959C-54BAC884B25C}.release|x64.ActiveCfg = release|x64
		{D4255C0E-3C6E-8A94-959C-54BAC884B25C}.release|x64.Build.0 = release|x64
		{2C6C10D1-F63D-B7F0-8390-AFC3DC10EC90}.checked|x64.ActiveCfg = checked|x64
		{2C6C10D1-F63D-B7F0-8390-AFC3DC10EC90}.checked|x64.Build.0 = checked|x64
		{2C6C10D1-F63D-B7F0-8390-AFC3DC10EC90}.Debug|x64.ActiveCfg = debug|x64
		{2C6C10D1-F63D-B7F0-8390-AFC3DC10EC90}.Debug|x64.Build.0 = debug|x64
		{2C6C10D1-F63D-B7F0-8390-AFC3DC10EC90}.profile|x64.ActiveCfg = profile|x64
		{2C6C10D1-F63D-B7F0-8390-AFC3DC10EC90}.profile|x64.Build.0 = profile|x64
		{2C6C10D1-F63D-B7F0-8390-AFC3DC10EC90}.release|x64.ActiveCfg = release|x64
		{2C6C10D1-F63D-B7F0-8390-AFC3DC10EC90}.release|x64.Build.0 = release|x64
	EndGlobalSection
	GlobalSection(SolutionProperties) = preSolution
		HideSolutionNode = FALSE
	EndGlobalSection
	GlobalSection(NestedProjects) = preSolution
		{FC0C1E74-2BE0-A8BC-4F0C-82D0F2EAB9A4} = {8DA37B07-8AFD-4EB1-BFE0-54EA0D7BB380}
		{2A1F82AF-85E5-26A0-BFE0-1F8D0006DA7A} = {8DA37B07-8AFD-4EB1-BFE0-54EA0D7BB380}
		{3059DE83-BFC9-5922-86A0-A9D1091E5EE0} = {8DA37B07-8AFD-4EB1-BFE0-54EA0D7BB380}
		{653CC2CD-99F5-48D8-0E9C-46FA10B26447} = {8DA37B07-8AFD-4EB1-BFE0-54EA0D7BB380}
		{627F8A5F-9D82-F9B8-AA0E-05A2FA6C025E} = {8DA37B07-8AFD-4EB1-BFE0-54EA0D7BB380}
		{C6474901-29F9-EF65-44E2-951696161E76} = {8DA37B07-8AFD-4EB1-BFE0-54EA0D7BB380}
		{DF4537B3-3CE9-1581-10B6-A291FE3299C6} = {8DA37B07-8AFD-4EB1-BFE0-54EA0D7BB380}
		{5B1132F6-84F8-142E-B951-ADB8505CC27F} = {8DA37B07-8AFD-4EB1-BFE0-54EA0D7BB380}
		{24546E40-3140-20F4-C5AC-E4001B9880B8} = {8DA37B07-8AFD-4EB1-BFE0-54EA0D7BB380}
		{D18EB5F3-84D9-FD36-27C0-555ADB086FD3} = {8DA37B07-8AFD-4EB1-BFE0-54EA0D7BB380}
		{1E04F7A2-C8F8-3D62-46FE-8762D28CA9A4} = {8DA37B07-8AFD-4EB1-BFE0-54EA0D7BB380}
		{042DAF3E-FF50-B73C-C9A4-53AC6D3CFCEC} = {8DA37B07-8AFD-4EB1-BFE0-54EA0D7BB380}
		{49C560C2-F59E-0A40-E1D5-E0F25960F1AB} = {8DA37B07-8AFD-4EB1-BFE0-54EA0D7BB380}
		{D4255C0E-3C6E-8A94-959C-54BAC884B25C} = {8DA37B07-8AFD-4EB1-BFE0-54EA0D7BB380}
		{2C6C10D1-F63D-B7F0-8390-AFC3DC10EC90} = {8DA37B07-8AFD-4EB1-BFE0-54EA0D7BB380}
	EndGlobalSection
	GlobalSection(ExtensibilityGlobals) = postSolution
		SolutionGuid = {6EFED440-4EE5-4374-8985-F66986FB4ECB}
	EndGlobalSection
EndGlobal
